
Microsoft Visual Studio Solution File, Format Version 12.00
# Visual Studio 15
VisualStudioVersion = 15.0.26430.16
MinimumVisualStudioVersion = 10.0.40219.1
Project("{FAE04EC0-301F-11D3-BF4B-00C04F79EFBC}") = "BankBot", "BankBot\BankBot.csproj", "{EBBE38C3-9ADB-4196-8EAF-FDB9D15E266E}"
EndProject
Global
	GlobalSection(SolutionConfigurationPlatforms) = preSolution
		Debug|Any CPU = Debug|Any CPU
		Release|Any CPU = Release|Any CPU
	EndGlobalSection
	GlobalSection(ProjectConfigurationPlatforms) = postSolution
		{EBBE38C3-9ADB-4196-8EAF-FDB9D15E266E}.Debug|Any CPU.ActiveCfg = Debug|Any CPU
		{EBBE38C3-9ADB-4196-8EAF-FDB9D15E266E}.Debug|Any CPU.Build.0 = Debug|Any CPU
		{EBBE38C3-9ADB-4196-8EAF-FDB9D15E266E}.Release|Any CPU.ActiveCfg = Release|Any CPU
		{EBBE38C3-9ADB-4196-8EAF-FDB9D15E266E}.Release|Any CPU.Build.0 = Release|Any CPU
	EndGlobalSection
	GlobalSection(SolutionProperties) = preSolution
		HideSolutionNode = FALSE
	EndGlobalSection
EndGlobal
